
Microsoft Visual Studio Solution File, Format Version 12.00
# Visual Studio 14
VisualStudioVersion = 14.0.25420.1
MinimumVisualStudioVersion = 10.0.40219.1
Project("{FAE04EC0-301F-11D3-BF4B-00C04F79EFBC}") = "VkPlayer", "VkPlayer\VkPlayer.csproj", "{3DA626F2-CDD5-4058-A488-96DE84D1C165}"
EndProject
Project("{2150E333-8FDC-42A3-9474-1A3956D46DE8}") = "VkPlayer", "VkPlayer", "{BBFA20CA-150C-4F73-8A05-23DD7C203DC2}"
EndProject
Project("{FAE04EC0-301F-11D3-BF4B-00C04F79EFBC}") = "VK.WindowsPhone.SDK-XAML", "VK.WindowsPhone.SDK-XAML\VK.WindowsPhone.SDK-XAML.csproj", "{A7E0FC88-A513-4981-8C2A-0106045E695B}"
EndProject
Global
	GlobalSection(SolutionConfigurationPlatforms) = preSolution
		Debug|Any CPU = Debug|Any CPU
		Debug|ARM = Debug|ARM
		Debug|x64 = Debug|x64
		Debug|x86 = Debug|x86
		Debug-net4.0|Any CPU = Debug-net4.0|Any CPU
		Debug-net4.0|ARM = Debug-net4.0|ARM
		Debug-net4.0|x64 = Debug-net4.0|x64
		Debug-net4.0|x86 = Debug-net4.0|x86
		Release|Any CPU = Release|Any CPU
		Release|ARM = Release|ARM
		Release|x64 = Release|x64
		Release|x86 = Release|x86
		Release-net4.0|Any CPU = Release-net4.0|Any CPU
		Release-net4.0|ARM = Release-net4.0|ARM
		Release-net4.0|x64 = Release-net4.0|x64
		Release-net4.0|x86 = Release-net4.0|x86
	EndGlobalSection
	GlobalSection(ProjectConfigurationPlatforms) = postSolution
		{3DA626F2-CDD5-4058-A488-96DE84D1C165}.Debug|Any CPU.ActiveCfg = Debug|Any CPU
		{3DA626F2-CDD5-4058-A488-96DE84D1C165}.Debug|Any CPU.Build.0 = Debug|Any CPU
		{3DA626F2-CDD5-4058-A488-96DE84D1C165}.Debug|Any CPU.Deploy.0 = Debug|Any CPU
		{3DA626F2-CDD5-4058-A488-96DE84D1C165}.Debug|ARM.ActiveCfg = Debug|ARM
		{3DA626F2-CDD5-4058-A488-96DE84D1C165}.Debug|ARM.Build.0 = Debug|ARM
		{3DA626F2-CDD5-4058-A488-96DE84D1C165}.Debug|ARM.Deploy.0 = Debug|ARM
		{3DA626F2-CDD5-4058-A488-96DE84D1C165}.Debug|x64.ActiveCfg = Debug|Any CPU
		{3DA626F2-CDD5-4058-A488-96DE84D1C165}.Debug|x64.Build.0 = Debug|Any CPU
		{3DA626F2-CDD5-4058-A488-96DE84D1C165}.Debug|x64.Deploy.0 = Debug|Any CPU
		{3DA626F2-CDD5-4058-A488-96DE84D1C165}.Debug|x86.ActiveCfg = Debug|x86
		{3DA626F2-CDD5-4058-A488-96DE84D1C165}.Debug|x86.Build.0 = Debug|x86
		{3DA626F2-CDD5-4058-A488-96DE84D1C165}.Debug|x86.Deploy.0 = Debug|x86
		{3DA626F2-CDD5-4058-A488-96DE84D1C165}.Debug-net4.0|Any CPU.ActiveCfg = Debug|Any CPU
		{3DA626F2-CDD5-4058-A488-96DE84D1C165}.Debug-net4.0|Any CPU.Build.0 = Debug|Any CPU
		{3DA626F2-CDD5-4058-A488-96DE84D1C165}.Debug-net4.0|Any CPU.Deploy.0 = Debug|Any CPU
		{3DA626F2-CDD5-4058-A488-96DE84D1C165}.Debug-net4.0|ARM.ActiveCfg = Debug|ARM
		{3DA626F2-CDD5-4058-A488-96DE84D1C165}.Debug-net4.0|ARM.Build.0 = Debug|ARM
		{3DA626F2-CDD5-4058-A488-96DE84D1C165}.Debug-net4.0|ARM.Deploy.0 = Debug|ARM
		{3DA626F2-CDD5-4058-A488-96DE84D1C165}.Debug-net4.0|x64.ActiveCfg = Debug|Any CPU
		{3DA626F2-CDD5-4058-A488-96DE84D1C165}.Debug-net4.0|x64.Build.0 = Debug|Any CPU
		{3DA626F2-CDD5-4058-A488-96DE84D1C165}.Debug-net4.0|x64.Deploy.0 = Debug|Any CPU
		{3DA626F2-CDD5-4058-A488-96DE84D1C165}.Debug-net4.0|x86.ActiveCfg = Debug|x86
		{3DA626F2-CDD5-4058-A488-96DE84D1C165}.Debug-net4.0|x86.Build.0 = Debug|x86
		{3DA626F2-CDD5-4058-A488-96DE84D1C165}.Debug-net4.0|x86.Deploy.0 = Debug|x86
		{3DA626F2-CDD5-4058-A488-96DE84D1C165}.Release|Any CPU.ActiveCfg = Release|Any CPU
		{3DA626F2-CDD5-4058-A488-96DE84D1C165}.Release|Any CPU.Build.0 = Release|Any CPU
		{3DA626F2-CDD5-4058-A488-96DE84D1C165}.Release|Any CPU.Deploy.0 = Release|Any CPU
		{3DA626F2-CDD5-4058-A488-96DE84D1C165}.Release|ARM.ActiveCfg = Release|ARM
		{3DA626F2-CDD5-4058-A488-96DE84D1C165}.Release|ARM.Build.0 = Release|ARM
		{3DA626F2-CDD5-4058-A488-96DE84D1C165}.Release|ARM.Deploy.0 = Release|ARM
		{3DA626F2-CDD5-4058-A488-96DE84D1C165}.Release|x64.ActiveCfg = Release|Any CPU
		{3DA626F2-CDD5-4058-A488-96DE84D1C165}.Release|x64.Build.0 = Release|Any CPU
		{3DA626F2-CDD5-4058-A488-96DE84D1C165}.Release|x64.Deploy.0 = Release|Any CPU
		{3DA626F2-CDD5-4058-A488-96DE84D1C165}.Release|x86.ActiveCfg = Release|x86
		{3DA626F2-CDD5-4058-A488-96DE84D1C165}.Release|x86.Build.0 = Release|x86
		{3DA626F2-CDD5-4058-A488-96DE84D1C165}.Release|x86.Deploy.0 = Release|x86
		{3DA626F2-CDD5-4058-A488-96DE84D1C165}.Release-net4.0|Any CPU.ActiveCfg = Release|Any CPU
		{3DA626F2-CDD5-4058-A488-96DE84D1C165}.Release-net4.0|Any CPU.Build.0 = Release|Any CPU
		{3DA626F2-CDD5-4058-A488-96DE84D1C165}.Release-net4.0|Any CPU.Deploy.0 = Release|Any CPU
		{3DA626F2-CDD5-4058-A488-96DE84D1C165}.Release-net4.0|ARM.ActiveCfg = Release|ARM
		{3DA626F2-CDD5-4058-A488-96DE84D1C165}.Release-net4.0|ARM.Build.0 = Release|ARM
		{3DA626F2-CDD5-4058-A488-96DE84D1C165}.Release-net4.0|ARM.Deploy.0 = Release|ARM
		{3DA626F2-CDD5-4058-A488-96DE84D1C165}.Release-net4.0|x64.ActiveCfg = Release|Any CPU
		{3DA626F2-CDD5-4058-A488-96DE84D1C165}.Release-net4.0|x64.Build.0 = Release|Any CPU
		{3DA626F2-CDD5-4058-A488-96DE84D1C165}.Release-net4.0|x64.Deploy.0 = Release|Any CPU
		{3DA626F2-CDD5-4058-A488-96DE84D1C165}.Release-net4.0|x86.ActiveCfg = Release|x86
		{3DA626F2-CDD5-4058-A488-96DE84D1C165}.Release-net4.0|x86.Build.0 = Release|x86
		{3DA626F2-CDD5-4058-A488-96DE84D1C165}.Release-net4.0|x86.Deploy.0 = Release|x86
		{A7E0FC88-A513-4981-8C2A-0106045E695B}.Debug|Any CPU.ActiveCfg = Debug|Any CPU
		{A7E0FC88-A513-4981-8C2A-0106045E695B}.Debug|Any CPU.Build.0 = Debug|Any CPU
		{A7E0FC88-A513-4981-8C2A-0106045E695B}.Debug|ARM.ActiveCfg = Debug|Any CPU
		{A7E0FC88-A513-4981-8C2A-0106045E695B}.Debug|ARM.Build.0 = Debug|Any CPU
		{A7E0FC88-A513-4981-8C2A-0106045E695B}.Debug|x64.ActiveCfg = Debug|Any CPU
		{A7E0FC88-A513-4981-8C2A-0106045E695B}.Debug|x64.Build.0 = Debug|Any CPU
		{A7E0FC88-A513-4981-8C2A-0106045E695B}.Debug|x86.ActiveCfg = Debug|Any CPU
		{A7E0FC88-A513-4981-8C2A-0106045E695B}.Debug|x86.Build.0 = Debug|Any CPU
		{A7E0FC88-A513-4981-8C2A-0106045E695B}.Debug-net4.0|Any CPU.ActiveCfg = Debug|Any CPU
		{A7E0FC88-A513-4981-8C2A-0106045E695B}.Debug-net4.0|Any CPU.Build.0 = Debug|Any CPU
		{A7E0FC88-A513-4981-8C2A-0106045E695B}.Debug-net4.0|ARM.ActiveCfg = Debug|Any CPU
		{A7E0FC88-A513-4981-8C2A-0106045E695B}.Debug-net4.0|ARM.Build.0 = Debug|Any CPU
		{A7E0FC88-A513-4981-8C2A-0106045E695B}.Debug-net4.0|x64.ActiveCfg = Debug|Any CPU
		{A7E0FC88-A513-4981-8C2A-0106045E695B}.Debug-net4.0|x64.Build.0 = Debug|Any CPU
		{A7E0FC88-A513-4981-8C2A-0106045E695B}.Debug-net4.0|x86.ActiveCfg = Debug|Any CPU
		{A7E0FC88-A513-4981-8C2A-0106045E695B}.Debug-net4.0|x86.Build.0 = Debug|Any CPU
		{A7E0FC88-A513-4981-8C2A-0106045E695B}.Release|Any CPU.ActiveCfg = Release|Any CPU
		{A7E0FC88-A513-4981-8C2A-0106045E695B}.Release|Any CPU.Build.0 = Release|Any CPU
		{A7E0FC88-A513-4981-8C2A-0106045E695B}.Release|ARM.ActiveCfg = Release|Any CPU
		{A7E0FC88-A513-4981-8C2A-0106045E695B}.Release|ARM.Build.0 = Release|Any CPU
		{A7E0FC88-A513-4981-8C2A-0106045E695B}.Release|x64.ActiveCfg = Release|Any CPU
		{A7E0FC88-A513-4981-8C2A-0106045E695B}.Release|x64.Build.0 = Release|Any CPU
		{A7E0FC88-A513-4981-8C2A-0106045E695B}.Release|x86.ActiveCfg = Release|Any CPU
		{A7E0FC88-A513-4981-8C2A-0106045E695B}.Release|x86.Build.0 = Release|Any CPU
		{A7E0FC88-A513-4981-8C2A-0106045E695B}.Release-net4.0|Any CPU.ActiveCfg = Release|Any CPU
		{A7E0FC88-A513-4981-8C2A-0106045E695B}.Release-net4.0|Any CPU.Build.0 = Release|Any CPU
		{A7E0FC88-A513-4981-8C2A-0106045E695B}.Release-net4.0|ARM.ActiveCfg = Release|Any CPU
		{A7E0FC88-A513-4981-8C2A-0106045E695B}.Release-net4.0|ARM.Build.0 = Release|Any CPU
		{A7E0FC88-A513-4981-8C2A-0106045E695B}.Release-net4.0|x64.ActiveCfg = Release|Any CPU
		{A7E0FC88-A513-4981-8C2A-0106045E695B}.Release-net4.0|x64.Build.0 = Release|Any CPU
		{A7E0FC88-A513-4981-8C2A-0106045E695B}.Release-net4.0|x86.ActiveCfg = Release|Any CPU
		{A7E0FC88-A513-4981-8C2A-0106045E695B}.Release-net4.0|x86.Build.0 = Release|Any CPU
	EndGlobalSection
	GlobalSection(SolutionProperties) = preSolution
		HideSolutionNode = FALSE
	EndGlobalSection
	GlobalSection(NestedProjects) = preSolution
		{3DA626F2-CDD5-4058-A488-96DE84D1C165} = {BBFA20CA-150C-4F73-8A05-23DD7C203DC2}
	EndGlobalSection
EndGlobal
